
Microsoft Visual Studio Solution File, Format Version 12.00
# Visual Studio Version 17
VisualStudioVersion = 17.14.36623.8 d17.14
MinimumVisualStudioVersion = 10.0.40219.1
Project("{8BC9CEB8-8B4A-11D0-8D11-00A0C91BC942}") = "ConsoleApplication1", "ConsoleApplication1.vcxproj", "{655E3B1A-BAF6-4F74-902B-F562F8F2A7B3}"
EndProject
Global
	GlobalSection(SolutionConfigurationPlatforms) = preSolution
		Debug|x64 = Debug|x64
		Debug|x86 = Debug|x86
		Release|x64 = Release|x64
		Release|x86 = Release|x86
	EndGlobalSection
	GlobalSection(ProjectConfigurationPlatforms) = postSolution
		{655E3B1A-BAF6-4F74-902B-F562F8F2A7B3}.Debug|x64.ActiveCfg = Debug|x64
		{655E3B1A-BAF6-4F74-902B-F562F8F2A7B3}.Debug|x64.Build.0 = Debug|x64
		{655E3B1A-BAF6-4F74-902B-F562F8F2A7B3}.Debug|x86.ActiveCfg = Debug|Win32
		{655E3B1A-BAF6-4F74-902B-F562F8F2A7B3}.Debug|x86.Build.0 = Debug|Win32
		{655E3B1A-BAF6-4F74-902B-F562F8F2A7B3}.Release|x64.ActiveCfg = Release|x64
		{655E3B1A-BAF6-4F74-902B-F562F8F2A7B3}.Release|x64.Build.0 = Release|x64
		{655E3B1A-BAF6-4F74-902B-F562F8F2A7B3}.Release|x86.ActiveCfg = Release|Win32
		{655E3B1A-BAF6-4F74-902B-F562F8F2A7B3}.Release|x86.Build.0 = Release|Win32
	EndGlobalSection
	GlobalSection(SolutionProperties) = preSolution
		HideSolutionNode = FALSE
	EndGlobalSection
	GlobalSection(ExtensibilityGlobals) = postSolution
		SolutionGuid = {07BBE3D0-FDC6-4866-9D18-04779C3CEF64}
	EndGlobalSection
EndGlobal
